
Microsoft Visual Studio Solution File, Format Version 12.00
# Visual Studio Version 17
VisualStudioVersion = 17.5.33414.496
MinimumVisualStudioVersion = 10.0.40219.1
Project("{FAE04EC0-301F-11D3-BF4B-00C04F79EFBC}") = "EntityFrameworkHW01", "EntityFrameworkHW01\EntityFrameworkHW01.csproj", "{41AB951C-3135-4C4A-9E1B-B0ACD3ED6174}"
EndProject
Global
	GlobalSection(SolutionConfigurationPlatforms) = preSolution
		Debug|Any CPU = Debug|Any CPU
		Release|Any CPU = Release|Any CPU
	EndGlobalSection
	GlobalSection(ProjectConfigurationPlatforms) = postSolution
		{41AB951C-3135-4C4A-9E1B-B0ACD3ED6174}.Debug|Any CPU.ActiveCfg = Debug|Any CPU
		{41AB951C-3135-4C4A-9E1B-B0ACD3ED6174}.Debug|Any CPU.Build.0 = Debug|Any CPU
		{41AB951C-3135-4C4A-9E1B-B0ACD3ED6174}.Release|Any CPU.ActiveCfg = Release|Any CPU
		{41AB951C-3135-4C4A-9E1B-B0ACD3ED6174}.Release|Any CPU.Build.0 = Release|Any CPU
	EndGlobalSection
	GlobalSection(SolutionProperties) = preSolution
		HideSolutionNode = FALSE
	EndGlobalSection
	GlobalSection(ExtensibilityGlobals) = postSolution
		SolutionGuid = {94F7E183-5780-40C6-A848-C7681F3E3462}
	EndGlobalSection
EndGlobal
